
Microsoft Visual Studio Solution File, Format Version 12.00
# Visual Studio 15
VisualStudioVersion = 15.0.28307.779
MinimumVisualStudioVersion = 10.0.40219.1
Project("{FAE04EC0-301F-11D3-BF4B-00C04F79EFBC}") = "WebDownload", "WebDownload\WebDownload.csproj", "{64FC0525-9211-4687-AAE5-9A0B04F7D189}"
EndProject
Global
	GlobalSection(SolutionConfigurationPlatforms) = preSolution
		Debug|Any CPU = Debug|Any CPU
		Release|Any CPU = Release|Any CPU
	EndGlobalSection
	GlobalSection(ProjectConfigurationPlatforms) = postSolution
		{64FC0525-9211-4687-AAE5-9A0B04F7D189}.Debug|Any CPU.ActiveCfg = Debug|Any CPU
		{64FC0525-9211-4687-AAE5-9A0B04F7D189}.Debug|Any CPU.Build.0 = Debug|Any CPU
		{64FC0525-9211-4687-AAE5-9A0B04F7D189}.Release|Any CPU.ActiveCfg = Release|Any CPU
		{64FC0525-9211-4687-AAE5-9A0B04F7D189}.Release|Any CPU.Build.0 = Release|Any CPU
	EndGlobalSection
	GlobalSection(SolutionProperties) = preSolution
		HideSolutionNode = FALSE
	EndGlobalSection
	GlobalSection(ExtensibilityGlobals) = postSolution
		SolutionGuid = {5E85E2F5-DFB6-405E-84FE-A4F08C766B6D}
	EndGlobalSection
EndGlobal
