
Microsoft Visual Studio Solution File, Format Version 12.00
# Visual Studio 15
VisualStudioVersion = 15.0.28307.779
MinimumVisualStudioVersion = 10.0.40219.1
Project("{FAE04EC0-301F-11D3-BF4B-00C04F79EFBC}") = "WinForms_Ionic.Zip", "WinForms_Ionic.Zip\WinForms_Ionic.Zip.csproj", "{CE122587-3D1C-4676-AA11-B1D053BA9B99}"
EndProject
Global
	GlobalSection(SolutionConfigurationPlatforms) = preSolution
		Debug|Any CPU = Debug|Any CPU
		Release|Any CPU = Release|Any CPU
	EndGlobalSection
	GlobalSection(ProjectConfigurationPlatforms) = postSolution
		{CE122587-3D1C-4676-AA11-B1D053BA9B99}.Debug|Any CPU.ActiveCfg = Debug|Any CPU
		{CE122587-3D1C-4676-AA11-B1D053BA9B99}.Debug|Any CPU.Build.0 = Debug|Any CPU
		{CE122587-3D1C-4676-AA11-B1D053BA9B99}.Release|Any CPU.ActiveCfg = Release|Any CPU
		{CE122587-3D1C-4676-AA11-B1D053BA9B99}.Release|Any CPU.Build.0 = Release|Any CPU
	EndGlobalSection
	GlobalSection(SolutionProperties) = preSolution
		HideSolutionNode = FALSE
	EndGlobalSection
	GlobalSection(ExtensibilityGlobals) = postSolution
		SolutionGuid = {2DEB6FD7-198A-4F58-8B9A-C2343F2F1AE2}
	EndGlobalSection
EndGlobal
